# THIS IS AN AUTOGENERATED FILE. DO NOT EDIT THIS FILE DIRECTLY.
# yarn lockfile v1


"@types/ramda@^0.26.6":
  version "0.26.6"
  resolved "https://registry.yarnpkg.com/@types/ramda/-/ramda-0.26.6.tgz#1aaf5060da8ebb99529420b6eb997c50f74c218e"
  integrity sha512-AmTHEkGo/EEufYY7MRqlgI0HLsLiAnc02pKOTVzE2D9IHf6yH2Xz71ompfEnduuaFGplYrtIOFOUOLs0AbMj9Q==

ramda@^0.26.1:
  version "0.26.1"
  resolved "https://registry.yarnpkg.com/ramda/-/ramda-0.26.1.tgz#8d41351eb8111c55353617fc3bbffad8e4d35d06"
  integrity sha512-hLWjpy7EnsDBb0p+Z3B7rPi3GDeRG5ZtiI33kJhTt+ORCd38AbAIjB/9zRIUoeTbE/AVX5ZkU7m6bznsvrf8eQ==
